PODS:
  - GhostSpeed (0.1.0):
    - JLRoutes (~> 1.5.3)
    - Reachability (~> 3.2)
  - JLRoutes (1.5.5)
  - Reachability (3.2)

DEPENDENCIES:
  - GhostSpeed (from `../`)

EXTERNAL SOURCES:
  GhostSpeed:
    :path: ../

SPEC CHECKSUMS:
  GhostSpeed: 255973ff781ee2c11552270f213503a29d752073
  JLRoutes: d191a496b820f60d70225202d04289582da962df
  Reachability: 33e18b67625424e47b6cde6d202dce689ad7af96

COCOAPODS: 0.39.0
